// !$*UTF8*$!
{
	archiveVersion = 1;
	classes = {
	};
	objectVersion = 46;
	objects = {

/* Begin PBXBuildFile section */
		FBBA11981E7B656D0041FC72 /* AppDelegate.swift in Sources */ = {isa = PBXBuildFile; fileRef = FBBA11971E7B656D0041FC72 /* AppDelegate.swift */; };
		FBBA119A1E7B656D0041FC72 /* ViewController.swift in Sources */ = {isa = PBXBuildFile; fileRef = FBBA11991E7B656D0041FC72 /* ViewController.swift */; };
		FBBA119D1E7B656D0041FC72 /* Main.storyboard in Resources */ = {isa = PBXBuildFile; fileRef = FBBA119B1E7B656D0041FC72 /* Main.storyboard */; };
		FBBA119F1E7B656D0041FC72 /* Assets.xcassets in Resources */ = {isa = PBXBuildFile; fileRef = FBBA119E1E7B656D0041FC72 /* Assets.xcassets */; };
		FBBA11A21E7B656D0041FC72 /* LaunchScreen.storyboard in Resources */ = {isa = PBXBuildFile; fileRef = FBBA11A01E7B656D0041FC72 /* LaunchScreen.storyboard */; };
/* End PBXBuildFile section */

/* Begin PBXFileReference section */
		FBBA11941E7B656D0041FC72 /* Core Animation en IOS.app */ = {isa = PBXFileReference; explicitFileType = wrapper.application; includeInIndex = 0; path = "Core Animation en IOS.app"; sourceTree = BUILT_PRODUCTS_DIR; };
		FBBA11971E7B656D0041FC72 /* AppDelegate.swift */ = {isa = PBXFileReference; lastKnownFileType = sourcecode.swift; path = AppDelegate.swift; sourceTree = "<group>"; };
		FBBA11991E7B656D0041FC72 /* ViewController.swift */ = {isa = PBXFileReference; lastKnownFileType = sourcecode.swift; path = ViewController.swift; sourceTree = "<group>"; };
		FBBA119C1E7B656D0041FC72 /* Base */ = {isa = PBXFileReference; lastKnownFileType = file.storyboard; name = Base; path = Base.lproj/Main.storyboard; sourceTree = "<group>"; };
		FBBA119E1E7B656D0041FC72 /* Assets.xcassets */ = {isa = PBXFileReference; lastKnownFileType = folder.assetcatalog; path = Assets.xcassets; sourceTree = "<group>"; };
		FBBA11A11E7B656D0041FC72 /* Base */ = {isa = PBXFileReference; lastKnownFileType = file.storyboard; name = Base; path = Base.lproj/LaunchScreen.storyboard; sourceTree = "<group>"; };
		FBBA11A31E7B656D0041FC72 /* Info.plist */ = {isa = PBXFileReference; lastKnownFileType = text.plist.xml; path = Info.plist; sourceTree = "<group>"; };
/* End PBXFileReference section */

/* Begin PBXFrameworksBuildPhase section */
		FBBA11911E7B656C0041FC72 /* Frameworks */ = {
			isa = PBXFrameworksBuildPhase;
			buildActionMask = 2147483647;
			files = (
			);
			runOnlyForDeploymentPostprocessing = 0;
		};
/* End PBXFrameworksBuildPhase section */

/* Begin PBXGroup section */
		FBBA118B1E7B656C0041FC72 = {
			isa = PBXGroup;
			children = (
				FBBA11961E7B656D0041FC72 /* Core Animation en IOS */,
				FBBA11951E7B656D0041FC72 /* Products */,
			);
			sourceTree = "<group>";
		};
		FBBA11951E7B656D0041FC72 /* Products */ = {
			isa = PBXGroup;
			children = (
				FBBA11941E7B656D0041FC72 /* Core Animation en IOS.app */,
			);
			name = Products;
			sourceTree = "<group>";
		};
		FBBA11961E7B656D0041FC72 /* Core Animation en IOS */ = {
			isa = PBXGroup;
			children = (
				FBBA11971E7B656D0041FC72 /* AppDelegate.swift */,
				FBBA11991E7B656D0041FC72 /* ViewController.swift */,
				FBBA119B1E7B656D0041FC72 /* Main.storyboard */,
				FBBA119E1E7B656D0041FC72 /* Assets.xcassets */,
				FBBA11A01E7B656D0041FC72 /* LaunchScreen.storyboard */,
				FBBA11A31E7B656D0041FC72 /* Info.plist */,
			);
			path = "Core Animation en IOS";
			sourceTree = "<group>";
		};
/* End PBXGroup section */

/* Begin PBXNativeTarget section */
		FBBA11931E7B656C0041FC72 /* Core Animation en IOS */ = {
			isa = PBXNativeTarget;
			buildConfigurationList = FBBA11A61E7B656D0041FC72 /* Build configuration list for PBXNativeTarget "Core Animation en IOS" */;
			buildPhases = (
				FBBA11901E7B656C0041FC72 /* Sources */,
				FBBA11911E7B656C0041FC72 /* Frameworks */,
				FBBA11921E7B656C0041FC72 /* Resources */,
			);
			buildRules = (
			);
			dependencies = (
			);
			name = "Core Animation en IOS";
			productName = "Core Animation en IOS";
			productReference = FBBA11941E7B656D0041FC72 /* Core Animation en IOS.app */;
			productType = "com.apple.product-type.application";
		};
/* End PBXNativeTarget section */

/* Begin PBXProject section */
		FBBA118C1E7B656C0041FC72 /* Project object */ = {
			isa = PBXProject;
			attributes = {
				LastSwiftUpdateCheck = 0800;
				LastUpgradeCheck = 0800;
				ORGANIZATIONNAME = william;
				TargetAttributes = {
					FBBA11931E7B656C0041FC72 = {
						CreatedOnToolsVersion = 8.0;
						ProvisioningStyle = Automatic;
					};
				};
			};
			buildConfigurationList = FBBA118F1E7B656C0041FC72 /* Build configuration list for PBXProject "Core Animation en IOS" */;
			compatibilityVersion = "Xcode 3.2";
			developmentRegion = English;
			hasScannedForEncodings = 0;
			knownRegions = (
				en,
				Base,
			);
			mainGroup = FBBA118B1E7B656C0041FC72;
			productRefGroup = FBBA11951E7B656D0041FC72 /* Products */;
			projectDirPath = "";
			projectRoot = "";
			targets = (
				FBBA11931E7B656C0041FC72 /* Core Animation en IOS */,
			);
		};
/* End PBXProject section */

/* Begin PBXResourcesBuildPhase section */
		FBBA11921E7B656C0041FC72 /* Resources */ = {
			isa = PBXResourcesBuildPhase;
			buildActionMask = 2147483647;
			files = (
				FBBA11A21E7B656D0041FC72 /* LaunchScreen.storyboard in Resources */,
				FBBA119F1E7B656D0041FC72 /* Assets.xcassets in Resources */,
				FBBA119D1E7B656D0041FC72 /* Main.storyboard in Resources */,
			);
			runOnlyForDeploymentPostprocessing = 0;
		};
/* End PBXResourcesBuildPhase section */

/* Begin PBXSourcesBuildPhase section */
		FBBA11901E7B656C0041FC72 /* Sources */ = {
			isa = PBXSourcesBuildPhase;
			buildActionMask = 2147483647;
			files = (
				FBBA119A1E7B656D0041FC72 /* ViewController.swift in Sources */,
				FBBA11981E7B656D0041FC72 /* AppDelegate.swift in Sources */,
			);
			runOnlyForDeploymentPostprocessing = 0;
		};
/* End PBXSourcesBuildPhase section */

/* Begin PBXVariantGroup section */
		FBBA119B1E7B656D0041FC72 /* Main.storyboard */ = {
			isa = PBXVariantGroup;
			children = (
				FBBA119C1E7B656D0041FC72 /* Base */,
			);
			name = Main.storyboard;
			sourceTree = "<group>";
		};
		FBBA11A01E7B656D0041FC72 /* LaunchScreen.storyboard */ = {
			isa = PBXVariantGroup;
			children = (
				FBBA11A11E7B656D0041FC72 /* Base */,
			);
			name = LaunchScreen.storyboard;
			sourceTree = "<group>";
		};
/* End PBXVariantGroup section */

/* Begin XCBuildConfiguration section */
		FBBA11A41E7B656D0041FC72 /* Debug */ = {
			isa = XCBuildConfiguration;
			buildSettings = {
				ALWAYS_SEARCH_USER_PATHS = NO;
				CLANG_ANALYZER_NONNULL = YES;
				CLANG_CXX_LANGUAGE_STANDARD = "gnu++0x";
				CLANG_CXX_LIBRARY = "libc++";
				CLANG_ENABLE_MODULES = YES;
				CLANG_ENABLE_OBJC_ARC = YES;
				CLANG_WARN_BOOL_CONVERSION = YES;
				CLANG_WARN_CONSTANT_CONVERSION = YES;
				CLANG_WARN_DIRECT_OBJC_ISA_USAGE = YES_ERROR;
				CLANG_WARN_DOCUMENTATION_COMMENTS = YES;
				CLANG_WARN_EMPTY_BODY = YES;
				CLANG_WARN_ENUM_CONVERSION = YES;
				CLANG_WARN_INFINITE_RECURSION = YES;
				CLANG_WARN_INT_CONVERSION = YES;
				CLANG_WARN_OBJC_ROOT_CLASS = YES_ERROR;
				CLANG_WARN_SUSPICIOUS_MOVES = YES;
				CLANG_WARN_UNREACHABLE_CODE = YES;
				CLANG_WARN__DUPLICATE_METHOD_MATCH = YES;
				"CODE_SIGN_IDENTITY[sdk=iphoneos*]" = "iPhone Developer";
				COPY_PHASE_STRIP = NO;
				DEBUG_INFORMATION_FORMAT = dwarf;
				ENABLE_STRICT_OBJC_MSGSEND = YES;
				ENABLE_TESTABILITY = YES;
				GCC_C_LANGUAGE_STANDARD = gnu99;
				GCC_DYNAMIC_NO_PIC = NO;
				GCC_NO_COMMON_BLOCKS = YES;
				GCC_OPTIMIZATION_LEVEL = 0;
				GCC_PREPROCESSOR_DEFINITIONS = (
					"DEBUG=1",
					"$(inherited)",
				);
				GCC_WARN_64_TO_32_BIT_CONVERSION = YES;
				GCC_WARN_ABOUT_RETURN_TYPE = YES_ERROR;
				GCC_WARN_UNDECLARED_SELECTOR = YES;
				GCC_WARN_UNINITIALIZED_AUTOS = YES_AGGRESSIVE;
				GCC_WARN_UNUSED_FUNCTION = YES;
				GCC_WARN_UNUSED_VARIABLE = YES;
				IPHONEOS_DEPLOYMENT_TARGET = 10.0;
				MTL_ENABLE_DEBUG_INFO = YES;
				ONLY_ACTIVE_ARCH = YES;
				SDKROOT = iphoneos;
				SWIFT_ACTIVE_COMPILATION_CONDITIONS = DEBUG;
				SWIFT_OPTIMIZATION_LEVEL = "-Onone";
				TARGETED_DEVICE_FAMILY = "1,2";
			};
			name = Debug;
		};
		FBBA11A51E7B656D0041FC72 /* Release */ = {
			isa = XCBuildConfiguration;
			buildSettings = {
				ALWAYS_SEARCH_USER_PATHS = NO;
				CLANG_ANALYZER_NONNULL = YES;
				CLANG_CXX_LANGUAGE_STANDARD = "gnu++0x";
				CLANG_CXX_LIBRARY = "libc++";
				CLANG_ENABLE_MODULES = YES;
				CLANG_ENABLE_OBJC_ARC = YES;
				CLANG_WARN_BOOL_CONVERSION = YES;
				CLANG_WARN_CONSTANT_CONVERSION = YES;
				CLANG_WARN_DIRECT_OBJC_ISA_USAGE = YES_ERROR;
				CLANG_WARN_DOCUMENTATION_COMMENTS = YES;
				CLANG_WARN_EMPTY_BODY = YES;
				CLANG_WARN_ENUM_CONVERSION = YES;
				CLANG_WARN_INFINITE_RECURSION = YES;
				CLANG_WARN_INT_CONVERSION = YES;
				CLANG_WARN_OBJC_ROOT_CLASS = YES_ERROR;
				CLANG_WARN_SUSPICIOUS_MOVES = YES;
				CLANG_WARN_UNREACHABLE_CODE = YES;
				CLANG_WARN__DUPLICATE_METHOD_MATCH = YES;
				"CODE_SIGN_IDENTITY[sdk=iphoneos*]" = "iPhone Developer";
				COPY_PHASE_STRIP = NO;
				DEBUG_INFORMATION_FORMAT = "dwarf-with-dsym";
				ENABLE_NS_ASSERTIONS = NO;
				ENABLE_STRICT_OBJC_MSGSEND = YES;
				GCC_C_LANGUAGE_STANDARD = gnu99;
				GCC_NO_COMMON_BLOCKS = YES;
				GCC_WARN_64_TO_32_BIT_CONVERSION = YES;
				GCC_WARN_ABOUT_RETURN_TYPE = YES_ERROR;
				GCC_WARN_UNDECLARED_SELECTOR = YES;
				GCC_WARN_UNINITIALIZED_AUTOS = YES_AGGRESSIVE;
				GCC_WARN_UNUSED_FUNCTION = YES;
				GCC_WARN_UNUSED_VARIABLE = YES;
				IPHONEOS_DEPLOYMENT_TARGET = 10.0;
				MTL_ENABLE_DEBUG_INFO = NO;
				SDKROOT = iphoneos;
				SWIFT_OPTIMIZATION_LEVEL = "-Owholemodule";
				TARGETED_DEVICE_FAMILY = "1,2";
				VALIDATE_PRODUCT = YES;
			};
			name = Release;
		};
		FBBA11A71E7B656D0041FC72 /* Debug */ = {
			isa = XCBuildConfiguration;
			buildSettings = {
				ASSETCATALOG_COMPILER_APPICON_NAME = AppIcon;
				INFOPLIST_FILE = "Core Animation en IOS/Info.plist";
				LD_RUNPATH_SEARCH_PATHS = "$(inherited) @executable_path/Frameworks";
				PRODUCT_BUNDLE_IDENTIFIER = "pe.sulca.Core-Animation-en-IOS";
				PRODUCT_NAME = "$(TARGET_NAME)";
				SWIFT_VERSION = 3.0;
			};
			name = Debug;
		};
		FBBA11A81E7B656D0041FC72 /* Release */ = {
			isa = XCBuildConfiguration;
			buildSettings = {
				ASSETCATALOG_COMPILER_APPICON_NAME = AppIcon;
				INFOPLIST_FILE = "Core Animation en IOS/Info.plist";
				LD_RUNPATH_SEARCH_PATHS = "$(inherited) @executable_path/Frameworks";
				PRODUCT_BUNDLE_IDENTIFIER = "pe.sulca.Core-Animation-en-IOS";
				PRODUCT_NAME = "$(TARGET_NAME)";
				SWIFT_VERSION = 3.0;
			};
			name = Release;
		};
/* End XCBuildConfiguration section */

/* Begin XCConfigurationList section */
		FBBA118F1E7B656C0041FC72 /* Build configuration list for PBXProject "Core Animation en IOS" */ = {
			isa = XCConfigurationList;
			buildConfigurations = (
				FBBA11A41E7B656D0041FC72 /* Debug */,
				FBBA11A51E7B656D0041FC72 /* Release */,
			);
			defaultConfigurationIsVisible = 0;
			defaultConfigurationName = Release;
		};
		FBBA11A61E7B656D0041FC72 /* Build configuration list for PBXNativeTarget "Core Animation en IOS" */ = {
			isa = XCConfigurationList;
			buildConfigurations = (
				FBBA11A71E7B656D0041FC72 /* Debug */,
				FBBA11A81E7B656D0041FC72 /* Release */,
			);
			defaultConfigurationIsVisible = 0;
		};
/* End XCConfigurationList section */
	};
	rootObject = FBBA118C1E7B656C0041FC72 /* Project object */;
}
